
Microsoft Visual Studio Solution File, Format Version 12.00
# Visual Studio Version 17
VisualStudioVersion = 17.7.34031.279
MinimumVisualStudioVersion = 10.0.40219.1
Project("{FAE04EC0-301F-11D3-BF4B-00C04F79EFBC}") = "Video-Musical Player", "Video-Musical Player\Video-Musical Player.csproj", "{0AC2B25D-DA9B-4BC3-BEEE-B2635AA701A8}"
EndProject
Global
	GlobalSection(SolutionConfigurationPlatforms) = preSolution
		Debug|Any CPU = Debug|Any CPU
		Release|Any CPU = Release|Any CPU
	EndGlobalSection
	GlobalSection(ProjectConfigurationPlatforms) = postSolution
		{0AC2B25D-DA9B-4BC3-BEEE-B2635AA701A8}.Debug|Any CPU.ActiveCfg = Debug|Any CPU
		{0AC2B25D-DA9B-4BC3-BEEE-B2635AA701A8}.Debug|Any CPU.Build.0 = Debug|Any CPU
		{0AC2B25D-DA9B-4BC3-BEEE-B2635AA701A8}.Release|Any CPU.ActiveCfg = Release|Any CPU
		{0AC2B25D-DA9B-4BC3-BEEE-B2635AA701A8}.Release|Any CPU.Build.0 = Release|Any CPU
	EndGlobalSection
	GlobalSection(SolutionProperties) = preSolution
		HideSolutionNode = FALSE
	EndGlobalSection
	GlobalSection(ExtensibilityGlobals) = postSolution
		SolutionGuid = {4E1AE374-15A6-4881-8C5A-7FA40CA48CB2}
	EndGlobalSection
EndGlobal
